{
  "name": "analysis_sharp_0.34.0-rc.0",
  "lockfileVersion": 3,
  "requires": true,
  "packages": {
    "": {
      "dependencies": {
        "sharp": "^0.34.0-rc.0"
      }
    },
    "node_modules/@emnapi/runtime": {
      "version": "1.9.2",
      "resolved": "https://registry.npmjs.org/@emnapi/runtime/-/runtime-1.9.2.tgz",
      "integrity": "sha512-3U4+MIWHImeyu1wnmVygh5WlgfYDtyf0k8AbLhMFxOipihf6nrWC4syIm/SwEeec0mNSafiiNnMJwbza/Is6Lw==",
      "license": "MIT",
      "optional": true,
      "dependencies": {
        "tslib": "^2.4.0"
      }
    },
    "node_modules/@img/sharp-darwin-arm64": {
      "version": "0.34.0-rc.0",
      "resolved": "https://registry.npmjs.org/@img/sharp-darwin-arm64/-/sharp-darwin-arm64-0.34.0-rc.0.tgz",
      "integrity": "sha512-qbkTsi4yItqb+bvi3JVbgIVPixk4sz7r1F5aw80vzK+q0yHj9lTFYkqnqWhCGNggp3MZfwx4Gqre5M+Y9ITwwQ==",
      "cpu": [
        "arm64"
      ],
      "license": "Apache-2.0",
      "optional": true,
      "os": [
        "darwin"
      ],
      "engines": {
        "node": "^18.17.0 || ^20.3.0 || >=21.0.0"
      },
      "funding": {
        "url": "https://opencollective.com/libvips"
      },
      "optionalDependencies": {
        "@img/sharp-libvips-darwin-arm64": "1.1.0-rc4"
      }
    },
    "node_modules/@img/sharp-darwin-x64": {
      "version": "0.34.0-rc.0",
      "resolved": "https://registry.npmjs.org/@img/sharp-darwin-x64/-/sharp-darwin-x64-0.34.0-rc.0.tgz",
      "integrity": "sha512-aOLXjFWhVcBUpDIWFAZ1AalJKXpm0d1vRQ5alAqTYFZgLwOk80LTEXWy32TQqRUQlHIiUBVq4Aw1KcwvFgPM7Q==",
      "cpu": [
        "x64"
      ],
      "license": "Apache-2.0",
      "optional": true,
      "os": [
        "darwin"
      ],
      "engines": {
        "node": "^18.17.0 || ^20.3.0 || >=21.0.0"
      },
      "funding": {
        "url": "https://opencollective.com/libvips"
      },
      "optionalDependencies": {
        "@img/sharp-libvips-darwin-x64": "1.1.0-rc4"
      }
    },
    "node_modules/@img/sharp-libvips-darwin-arm64": {
      "version": "1.1.0-rc4",
      "resolved": "https://registry.npmjs.org/@img/sharp-libvips-darwin-arm64/-/sharp-libvips-darwin-arm64-1.1.0-rc4.tgz",
      "integrity": "sha512-AVPOee9ZyJ5MfS1Iuyx1M2VKHHKnL+kFFp1fWt3QqBWuTVs3JR8ApJOOdmY/Y8Z9sR1eQ3EHsCrzfKCcLxTMRg==",
      "cpu": [
        "arm64"
      ],
      "license": "LGPL-3.0-or-later",
      "optional": true,
      "os": [
        "darwin"
      ],
      "funding": {
        "url": "https://opencollective.com/libvips"
      }
    },
    "node_modules/@img/sharp-libvips-darwin-x64": {
      "version": "1.1.0-rc4",
      "resolved": "https://registry.npmjs.org/@img/sharp-libvips-darwin-x64/-/sharp-libvips-darwin-x64-1.1.0-rc4.tgz",
      "integrity": "sha512-m2etL2MOBqAp7e7fjJqktTQW13gSY+XQ1rXlQ+AzxviASMhQdpRxPeQgtX7lwnsUL+4S/blRrjh+gVL1LnlsgA==",
      "cpu": [
        "x64"
      ],
      "license": "LGPL-3.0-or-later",
      "optional": true,
      "os": [
        "darwin"
      ],
      "funding": {
        "url": "https://opencollective.com/libvips"
      }
    },
    "node_modules/@img/sharp-libvips-linux-arm": {
      "version": "1.1.0-rc4.1",
      "resolved": "https://registry.npmjs.org/@img/sharp-libvips-linux-arm/-/sharp-libvips-linux-arm-1.1.0-rc4.1.tgz",
      "integrity": "sha512-GvScbEYBFtNMXJuIjXtKCuod66NN52sS2MJEiNQZyEly5aoaJACYnjyszwBfGQTkuxx2Sr2Wv2vTJhtsomCBGA==",
      "cpu": [
        "arm"
      ],
      "license": "LGPL-3.0-or-later",
      "optional": true,
      "os": [
        "linux"
      ],
      "funding": {
        "url": "https://opencollective.com/libvips"
      }
    },
    "node_modules/@img/sharp-libvips-linux-arm64": {
      "version": "1.1.0-rc4",
      "resolved": "https://registry.npmjs.org/@img/sharp-libvips-linux-arm64/-/sharp-libvips-linux-arm64-1.1.0-rc4.tgz",
      "integrity": "sha512-27/wAovlMES4A0dFMRaACcoytVHtQc8QcptQwJBOZHF6IeGPsq6WN3RqDDRNs+T9O7WV+ivALLjCCDIHxXA3Zw==",
      "cpu": [
        "arm64"
      ],
      "license": "LGPL-3.0-or-later",
      "optional": true,
      "os": [
        "linux"
      ],
      "funding": {
        "url": "https://opencollective.com/libvips"
      }
    },
    "node_modules/@img/sharp-libvips-linux-ppc64": {
      "version": "1.1.0-rc4",
      "resolved": "https://registry.npmjs.org/@img/sharp-libvips-linux-ppc64/-/sharp-libvips-linux-ppc64-1.1.0-rc4.tgz",
      "integrity": "sha512-bXCe1kN7ZoC6f+aryXYpi+SEIGFmWxQxa1IQ8XBh3RgtsUiWF8/yfPtYyUHRIt4RXVNABEcpaSvHrtMqunTPQA==",
      "cpu": [
        "ppc64"
      ],
      "license": "LGPL-3.0-or-later",
      "optional": true,
      "os": [
        "linux"
      ],
      "funding": {
        "url": "https://opencollective.com/libvips"
      }
    },
    "node_modules/@img/sharp-libvips-linux-s390x": {
      "version": "1.1.0-rc4",
      "resolved": "https://registry.npmjs.org/@img/sharp-libvips-linux-s390x/-/sharp-libvips-linux-s390x-1.1.0-rc4.tgz",
      "integrity": "sha512-OpVPJ8XfmrwQ5txkzdCliT57IBrFBBF4EqwrLdq9SqeUtnyM2GlgQf+3TRTmnh3LT4HGC/13VgBmYgWXxTv8cw==",
      "cpu": [
        "s390x"
      ],
      "license": "LGPL-3.0-or-later",
      "optional": true,
      "os": [
        "linux"
      ],
      "funding": {
        "url": "https://opencollective.com/libvips"
      }
    },
    "node_modules/@img/sharp-libvips-linux-x64": {
      "version": "1.1.0-rc4",
      "resolved": "https://registry.npmjs.org/@img/sharp-libvips-linux-x64/-/sharp-libvips-linux-x64-1.1.0-rc4.tgz",
      "integrity": "sha512-Wo3OjH0RaQrhAnSiNv8IvunVSzg73n7WxzmxnwzyHW9pooDzDfF9CnRpIW6KD84Sj/LRLT+ZuaU5ro4b4tYv4A==",
      "cpu": [
        "x64"
      ],
      "license": "LGPL-3.0-or-later",
      "optional": true,
      "os": [
        "linux"
      ],
      "funding": {
        "url": "https://opencollective.com/libvips"
      }
    },
    "node_modules/@img/sharp-libvips-linuxmusl-arm64": {
      "version": "1.1.0-rc4",
      "resolved": "https://registry.npmjs.org/@img/sharp-libvips-linuxmusl-arm64/-/sharp-libvips-linuxmusl-arm64-1.1.0-rc4.tgz",
      "integrity": "sha512-cftYedmpewmg6STcGp63W09RAXVDQXZaAmlw7/8cMnH7q/XJKPmWVdQW3TWDNd7Ag7Z1ZF5zJ4C2N8+84eBX7g==",
      "cpu": [
        "arm64"
      ],
      "license": "LGPL-3.0-or-later",
      "optional": true,
      "os": [
        "linux"
      ],
      "funding": {
        "url": "https://opencollective.com/libvips"
      }
    },
    "node_modules/@img/sharp-libvips-linuxmusl-x64": {
      "version": "1.1.0-rc4",
      "resolved": "https://registry.npmjs.org/@img/sharp-libvips-linuxmusl-x64/-/sharp-libvips-linuxmusl-x64-1.1.0-rc4.tgz",
      "integrity": "sha512-wqfQrWDbwuPu5XWPNIizZ49q8jXFWlp4zBENG7JwzXEP+BIpT4aQbw92Oaep1bXZF7zXaQjowm6c+ifU5aVG2Q==",
      "cpu": [
        "x64"
      ],
      "license": "LGPL-3.0-or-later",
      "optional": true,
      "os": [
        "linux"
      ],
      "funding": {
        "url": "https://opencollective.com/libvips"
      }
    },
    "node_modules/@img/sharp-linux-arm": {
      "version": "0.34.0-rc.0",
      "resolved": "https://registry.npmjs.org/@img/sharp-linux-arm/-/sharp-linux-arm-0.34.0-rc.0.tgz",
      "integrity": "sha512-zEyjTaR8L1NigTkuZ4+aOQKFhqJmaum/0B8y4KrJf4veRCDIWUWemMEMTG5y0U8unIsyhPi3HKXSqAHARvie4A==",
      "cpu": [
        "arm"
      ],
      "license": "Apache-2.0",
      "optional": true,
      "os": [
        "linux"
      ],
      "engines": {
        "node": "^18.17.0 || ^20.3.0 || >=21.0.0"
      },
      "funding": {
        "url": "https://opencollective.com/libvips"
      },
      "optionalDependencies": {
        "@img/sharp-libvips-linux-arm": "1.1.0-rc4.1"
      }
    },
    "node_modules/@img/sharp-linux-arm64": {
      "version": "0.34.0-rc.0",
      "resolved": "https://registry.npmjs.org/@img/sharp-linux-arm64/-/sharp-linux-arm64-0.34.0-rc.0.tgz",
      "integrity": "sha512-BGIQ198i7vRidGUw9vXCiq1cOeihCRaryZUKyk+nnC5NgjXi4MGGDUuMtIO9oWc0m82uxEAh1Anv2Gob7nL7Bw==",
      "cpu": [
        "arm64"
      ],
      "license": "Apache-2.0",
      "optional": true,
      "os": [
        "linux"
      ],
      "engines": {
        "node": "^18.17.0 || ^20.3.0 || >=21.0.0"
      },
      "funding": {
        "url": "https://opencollective.com/libvips"
      },
      "optionalDependencies": {
        "@img/sharp-libvips-linux-arm64": "1.1.0-rc4"
      }
    },
    "node_modules/@img/sharp-linux-s390x": {
      "version": "0.34.0-rc.0",
      "resolved": "https://registry.npmjs.org/@img/sharp-linux-s390x/-/sharp-linux-s390x-0.34.0-rc.0.tgz",
      "integrity": "sha512-zjcm7vPxPqIfKE5XbSvwMYc7ZYA7GZmCW2+o/B5i5DhoomLrx4IlBjt7+L4WykMdQkrYkDaFmTRORoD6/Veh6g==",
      "cpu": [
        "s390x"
      ],
      "license": "Apache-2.0",
      "optional": true,
      "os": [
        "linux"
      ],
      "engines": {
        "node": "^18.17.0 || ^20.3.0 || >=21.0.0"
      },
      "funding": {
        "url": "https://opencollective.com/libvips"
      },
      "optionalDependencies": {
        "@img/sharp-libvips-linux-s390x": "1.1.0-rc4"
      }
    },
    "node_modules/@img/sharp-linux-x64": {
      "version": "0.34.0-rc.0",
      "resolved": "https://registry.npmjs.org/@img/sharp-linux-x64/-/sharp-linux-x64-0.34.0-rc.0.tgz",
      "integrity": "sha512-XO+D78ZrbYYHiBaqXDkc+vHWlRAn1k03hVhkPxpLyEEAN7gHGfIFVBPlE2yZhbMloqEW41zfIpSY6Vg8SS1poQ==",
      "cpu": [
        "x64"
      ],
      "license": "Apache-2.0",
      "optional": true,
      "os": [
        "linux"
      ],
      "engines": {
        "node": "^18.17.0 || ^20.3.0 || >=21.0.0"
      },
      "funding": {
        "url": "https://opencollective.com/libvips"
      },
      "optionalDependencies": {
        "@img/sharp-libvips-linux-x64": "1.1.0-rc4"
      }
    },
    "node_modules/@img/sharp-linuxmusl-arm64": {
      "version": "0.34.0-rc.0",
      "resolved": "https://registry.npmjs.org/@img/sharp-linuxmusl-arm64/-/sharp-linuxmusl-arm64-0.34.0-rc.0.tgz",
      "integrity": "sha512-CqYOm0aOg+6+Ep7Dbtl5/V9Ll8u5aGK/e6XLVSZLMsJ+Bfh02NnYVDJZhYZPh1QmvnqUJwCX8egIL4lpiMPuCw==",
      "cpu": [
        "arm64"
      ],
      "license": "Apache-2.0",
      "optional": true,
      "os": [
        "linux"
      ],
      "engines": {
        "node": "^18.17.0 || ^20.3.0 || >=21.0.0"
      },
      "funding": {
        "url": "https://opencollective.com/libvips"
      },
      "optionalDependencies": {
        "@img/sharp-libvips-linuxmusl-arm64": "1.1.0-rc4"
      }
    },
    "node_modules/@img/sharp-linuxmusl-x64": {
      "version": "0.34.0-rc.0",
      "resolved": "https://registry.npmjs.org/@img/sharp-linuxmusl-x64/-/sharp-linuxmusl-x64-0.34.0-rc.0.tgz",
      "integrity": "sha512-DIbS0nAMAmKsLxCvtoQSFpMWbk4G460kb0axjL4M3oaRCEcXCPwa2gsgiVwoy6YYxCxBBDyzgQt4AggLEMpSXA==",
      "cpu": [
        "x64"
      ],
      "license": "Apache-2.0",
      "optional": true,
      "os": [
        "linux"
      ],
      "engines": {
        "node": "^18.17.0 || ^20.3.0 || >=21.0.0"
      },
      "funding": {
        "url": "https://opencollective.com/libvips"
      },
      "optionalDependencies": {
        "@img/sharp-libvips-linuxmusl-x64": "1.1.0-rc4"
      }
    },
    "node_modules/@img/sharp-wasm32": {
      "version": "0.34.0-rc.0",
      "resolved": "https://registry.npmjs.org/@img/sharp-wasm32/-/sharp-wasm32-0.34.0-rc.0.tgz",
      "integrity": "sha512-8mUPtwQXmw5YbUJMZjIhtuF+MpX+8ib2aQ4f143y5EFi4yej3qzNw8yxWUaor3VxaZMJNwTgG23K75Hj0eymTw==",
      "cpu": [
        "wasm32"
      ],
      "license": "Apache-2.0 AND LGPL-3.0-or-later AND MIT",
      "optional": true,
      "dependencies": {
        "@emnapi/runtime": "^1.3.1"
      },
      "engines": {
        "node": "^18.17.0 || ^20.3.0 || >=21.0.0"
      },
      "funding": {
        "url": "https://opencollective.com/libvips"
      }
    },
    "node_modules/@img/sharp-win32-ia32": {
      "version": "0.34.0-rc.0",
      "resolved": "https://registry.npmjs.org/@img/sharp-win32-ia32/-/sharp-win32-ia32-0.34.0-rc.0.tgz",
      "integrity": "sha512-HvKmPPepuoJb7bzv8aRR13/WVN2YPhcgdb6R9w5z8i08Eijglb5gzB+z4/ajRvPjC6GCn121/XLtM59b5HzDQQ==",
      "cpu": [
        "ia32"
      ],
      "license": "Apache-2.0 AND LGPL-3.0-or-later",
      "optional": true,
      "os": [
        "win32"
      ],
      "engines": {
        "node": "^18.17.0 || ^20.3.0 || >=21.0.0"
      },
      "funding": {
        "url": "https://opencollective.com/libvips"
      }
    },
    "node_modules/@img/sharp-win32-x64": {
      "version": "0.34.0-rc.0",
      "resolved": "https://registry.npmjs.org/@img/sharp-win32-x64/-/sharp-win32-x64-0.34.0-rc.0.tgz",
      "integrity": "sha512-4buOejyM4w+TsTHyYSXXxwPY4hsHmoZhJLlasF8/TiqeiSMr7rprJ/4PtCCaSfF+Y6HdhCDFBUpispDUxLky2g==",
      "cpu": [
        "x64"
      ],
      "license": "Apache-2.0 AND LGPL-3.0-or-later",
      "optional": true,
      "os": [
        "win32"
      ],
      "engines": {
        "node": "^18.17.0 || ^20.3.0 || >=21.0.0"
      },
      "funding": {
        "url": "https://opencollective.com/libvips"
      }
    },
    "node_modules/color": {
      "version": "4.2.3",
      "resolved": "https://registry.npmjs.org/color/-/color-4.2.3.tgz",
      "integrity": "sha512-1rXeuUUiGGrykh+CeBdu5Ie7OJwinCgQY0bc7GCRxy5xVHy+moaqkpL/jqQq0MtQOeYcrqEz4abc5f0KtU7W4A==",
      "license": "MIT",
      "dependencies": {
        "color-convert": "^2.0.1",
        "color-string": "^1.9.0"
      },
      "engines": {
        "node": ">=12.5.0"
      }
    },
    "node_modules/color-convert": {
      "version": "2.0.1",
      "resolved": "https://registry.npmjs.org/color-convert/-/color-convert-2.0.1.tgz",
      "integrity": "sha512-RRECPsj7iu/xb5oKYcsFHSppFNnsj/52OVTRKb4zP5onXwVF3zVmmToNcOfGC+CRDpfK/U584fMg38ZHCaElKQ==",
      "license": "MIT",
      "dependencies": {
        "color-name": "~1.1.4"
      },
      "engines": {
        "node": ">=7.0.0"
      }
    },
    "node_modules/color-name": {
      "version": "1.1.4",
      "resolved": "https://registry.npmjs.org/color-name/-/color-name-1.1.4.tgz",
      "integrity": "sha512-dOy+3AuW3a2wNbZHIuMZpTcgjGuLU/uBL/ubcZF9OXbDo8ff4O8yVp5Bf0efS8uEoYo5q4Fx7dY9OgQGXgAsQA==",
      "license": "MIT"
    },
    "node_modules/color-string": {
      "version": "1.9.1",
      "resolved": "https://registry.npmjs.org/color-string/-/color-string-1.9.1.tgz",
      "integrity": "sha512-shrVawQFojnZv6xM40anx4CkoDP+fZsw/ZerEMsW/pyzsRbElpsL/DBVW7q3ExxwusdNXI3lXpuhEZkzs8p5Eg==",
      "license": "MIT",
      "dependencies": {
        "color-name": "^1.0.0",
        "simple-swizzle": "^0.2.2"
      }
    },
    "node_modules/detect-libc": {
      "version": "2.1.2",
      "resolved": "https://registry.npmjs.org/detect-libc/-/detect-libc-2.1.2.tgz",
      "integrity": "sha512-Btj2BOOO83o3WyH59e8MgXsxEQVcarkUOpEYrubB0urwnN10yQ364rsiByU11nZlqWYZm05i/of7io4mzihBtQ==",
      "license": "Apache-2.0",
      "engines": {
        "node": ">=8"
      }
    },
    "node_modules/is-arrayish": {
      "version": "0.3.4",
      "resolved": "https://registry.npmjs.org/is-arrayish/-/is-arrayish-0.3.4.tgz",
      "integrity": "sha512-m6UrgzFVUYawGBh1dUsWR5M2Clqic9RVXC/9f8ceNlv2IcO9j9J/z8UoCLPqtsPBFNzEpfR3xftohbfqDx8EQA==",
      "license": "MIT"
    },
    "node_modules/semver": {
      "version": "7.7.4",
      "resolved": "https://registry.npmjs.org/semver/-/semver-7.7.4.tgz",
      "integrity": "sha512-vFKC2IEtQnVhpT78h1Yp8wzwrf8CM+MzKMHGJZfBtzhZNycRFnXsHk6E5TxIkkMsgNS7mdX3AGB7x2QM2di4lA==",
      "license": "ISC",
      "bin": {
        "semver": "bin/semver.js"
      },
      "engines": {
        "node": ">=10"
      }
    },
    "node_modules/sharp": {
      "version": "0.34.0-rc.0",
      "resolved": "https://registry.npmjs.org/sharp/-/sharp-0.34.0-rc.0.tgz",
      "integrity": "sha512-Cxt2swo5T3Qb3raVkkxHV3k6ef5pRAgtyGgziw08tl+JXWc9/Cwch8LxlzyYU/pJZePYsfW5NFe5kAX0lxWMng==",
      "hasInstallScript": true,
      "license": "Apache-2.0",
      "dependencies": {
        "color": "^4.2.3",
        "detect-libc": "^2.0.3",
        "semver": "^7.7.1"
      },
      "engines": {
        "node": "^18.17.0 || ^20.3.0 || >=21.0.0"
      },
      "funding": {
        "url": "https://opencollective.com/libvips"
      },
      "optionalDependencies": {
        "@img/sharp-darwin-arm64": "0.34.0-rc.0",
        "@img/sharp-darwin-x64": "0.34.0-rc.0",
        "@img/sharp-libvips-darwin-arm64": "1.1.0-rc4",
        "@img/sharp-libvips-darwin-x64": "1.1.0-rc4",
        "@img/sharp-libvips-linux-arm": "1.1.0-rc4.1",
        "@img/sharp-libvips-linux-arm64": "1.1.0-rc4",
        "@img/sharp-libvips-linux-ppc64": "1.1.0-rc4",
        "@img/sharp-libvips-linux-s390x": "1.1.0-rc4",
        "@img/sharp-libvips-linux-x64": "1.1.0-rc4",
        "@img/sharp-libvips-linuxmusl-arm64": "1.1.0-rc4",
        "@img/sharp-libvips-linuxmusl-x64": "1.1.0-rc4",
        "@img/sharp-linux-arm": "0.34.0-rc.0",
        "@img/sharp-linux-arm64": "0.34.0-rc.0",
        "@img/sharp-linux-s390x": "0.34.0-rc.0",
        "@img/sharp-linux-x64": "0.34.0-rc.0",
        "@img/sharp-linuxmusl-arm64": "0.34.0-rc.0",
        "@img/sharp-linuxmusl-x64": "0.34.0-rc.0",
        "@img/sharp-wasm32": "0.34.0-rc.0",
        "@img/sharp-win32-ia32": "0.34.0-rc.0",
        "@img/sharp-win32-x64": "0.34.0-rc.0"
      }
    },
    "node_modules/simple-swizzle": {
      "version": "0.2.4",
      "resolved": "https://registry.npmjs.org/simple-swizzle/-/simple-swizzle-0.2.4.tgz",
      "integrity": "sha512-nAu1WFPQSMNr2Zn9PGSZK9AGn4t/y97lEm+MXTtUDwfP0ksAIX4nO+6ruD9Jwut4C49SB1Ws+fbXsm/yScWOHw==",
      "license": "MIT",
      "dependencies": {
        "is-arrayish": "^0.3.1"
      }
    },
    "node_modules/tslib": {
      "version": "2.8.1",
      "resolved": "https://registry.npmjs.org/tslib/-/tslib-2.8.1.tgz",
      "integrity": "sha512-oJFu94HQb+KVduSUQL7wnpmqnfmLsOA/nAh6b6EH0wCEoK0/mPeXU6c3wKDV83MkOuHPRHtSXKKU99IBazS/2w==",
      "license": "0BSD",
      "optional": true
    }
  }
}
